
Microsoft Visual Studio Solution File, Format Version 12.00
# Visual Studio Version 17
VisualStudioVersion = 17.0.31903.59
MinimumVisualStudioVersion = 10.0.40219.1
Project("{FAE04EC0-301F-11D3-BF4B-00C04F79EFBC}") = "EdgePulse.Domain", "EdgePulse.Domain\EdgePulse.Domain.csproj", "{59B3C793-074A-4DA5-88EB-5FC8A5A38A20}"
EndProject
Project("{FAE04EC0-301F-11D3-BF4B-00C04F79EFBC}") = "EdgePulse.Application", "EdgePulse.Application\EdgePulse.Application.csproj", "{ADE3FE52-9936-486A-A127-F983ACBDA8B8}"
EndProject
Project("{FAE04EC0-301F-11D3-BF4B-00C04F79EFBC}") = "EdgePulse.Infrastructure", "EdgePulse.Infrastructure\EdgePulse.Infrastructure.csproj", "{DF33943B-2C21-43A0-9DD8-F9F1C11A68D3}"
EndProject
Project("{FAE04EC0-301F-11D3-BF4B-00C04F79EFBC}") = "EdgePulse.API", "EdgePulse.API\EdgePulse.API.csproj", "{7576707A-1FA7-437C-BC9D-9E1C34DC0BB6}"
EndProject
Project("{FAE04EC0-301F-11D3-BF4B-00C04F79EFBC}") = "EdgePulse.TelemetryProcessor", "EdgePulse.TelemetryProcessor\EdgePulse.TelemetryProcessor.csproj", "{9E456BA7-2218-4DCA-9470-B5006E0819A1}"
EndProject
Project("{FAE04EC0-301F-11D3-BF4B-00C04F79EFBC}") = "EdgePulse.Domain.Tests", "..\..\tests\EdgePulse.Domain.Tests\EdgePulse.Domain.Tests.csproj", "{0765A04B-7DCA-4A3C-83F7-CF4600008243}"
EndProject
Project("{FAE04EC0-301F-11D3-BF4B-00C04F79EFBC}") = "EdgePulse.Application.Tests", "..\..\tests\EdgePulse.Application.Tests\EdgePulse.Application.Tests.csproj", "{03E168F9-9D24-45E6-A564-B148F08A3F38}"
EndProject
Global
	GlobalSection(SolutionConfigurationPlatforms) = preSolution
		Debug|Any CPU = Debug|Any CPU
		Release|Any CPU = Release|Any CPU
	EndGlobalSection
	GlobalSection(SolutionProperties) = preSolution
		HideSolutionNode = FALSE
	EndGlobalSection
	GlobalSection(ProjectConfigurationPlatforms) = postSolution
		{59B3C793-074A-4DA5-88EB-5FC8A5A38A20}.Debug|Any CPU.ActiveCfg = Debug|Any CPU
		{59B3C793-074A-4DA5-88EB-5FC8A5A38A20}.Debug|Any CPU.Build.0 = Debug|Any CPU
		{59B3C793-074A-4DA5-88EB-5FC8A5A38A20}.Release|Any CPU.ActiveCfg = Release|Any CPU
		{59B3C793-074A-4DA5-88EB-5FC8A5A38A20}.Release|Any CPU.Build.0 = Release|Any CPU
		{ADE3FE52-9936-486A-A127-F983ACBDA8B8}.Debug|Any CPU.ActiveCfg = Debug|Any CPU
		{ADE3FE52-9936-486A-A127-F983ACBDA8B8}.Debug|Any CPU.Build.0 = Debug|Any CPU
		{ADE3FE52-9936-486A-A127-F983ACBDA8B8}.Release|Any CPU.ActiveCfg = Release|Any CPU
		{ADE3FE52-9936-486A-A127-F983ACBDA8B8}.Release|Any CPU.Build.0 = Release|Any CPU
		{DF33943B-2C21-43A0-9DD8-F9F1C11A68D3}.Debug|Any CPU.ActiveCfg = Debug|Any CPU
		{DF33943B-2C21-43A0-9DD8-F9F1C11A68D3}.Debug|Any CPU.Build.0 = Debug|Any CPU
		{DF33943B-2C21-43A0-9DD8-F9F1C11A68D3}.Release|Any CPU.ActiveCfg = Release|Any CPU
		{DF33943B-2C21-43A0-9DD8-F9F1C11A68D3}.Release|Any CPU.Build.0 = Release|Any CPU
		{7576707A-1FA7-437C-BC9D-9E1C34DC0BB6}.Debug|Any CPU.ActiveCfg = Debug|Any CPU
		{7576707A-1FA7-437C-BC9D-9E1C34DC0BB6}.Debug|Any CPU.Build.0 = Debug|Any CPU
		{7576707A-1FA7-437C-BC9D-9E1C34DC0BB6}.Release|Any CPU.ActiveCfg = Release|Any CPU
		{7576707A-1FA7-437C-BC9D-9E1C34DC0BB6}.Release|Any CPU.Build.0 = Release|Any CPU
		{9E456BA7-2218-4DCA-9470-B5006E0819A1}.Debug|Any CPU.ActiveCfg = Debug|Any CPU
		{9E456BA7-2218-4DCA-9470-B5006E0819A1}.Debug|Any CPU.Build.0 = Debug|Any CPU
		{9E456BA7-2218-4DCA-9470-B5006E0819A1}.Release|Any CPU.ActiveCfg = Release|Any CPU
		{9E456BA7-2218-4DCA-9470-B5006E0819A1}.Release|Any CPU.Build.0 = Release|Any CPU
		{0765A04B-7DCA-4A3C-83F7-CF4600008243}.Debug|Any CPU.ActiveCfg = Debug|Any CPU
		{0765A04B-7DCA-4A3C-83F7-CF4600008243}.Debug|Any CPU.Build.0 = Debug|Any CPU
		{0765A04B-7DCA-4A3C-83F7-CF4600008243}.Release|Any CPU.ActiveCfg = Release|Any CPU
		{0765A04B-7DCA-4A3C-83F7-CF4600008243}.Release|Any CPU.Build.0 = Release|Any CPU
		{03E168F9-9D24-45E6-A564-B148F08A3F38}.Debug|Any CPU.ActiveCfg = Debug|Any CPU
		{03E168F9-9D24-45E6-A564-B148F08A3F38}.Debug|Any CPU.Build.0 = Debug|Any CPU
		{03E168F9-9D24-45E6-A564-B148F08A3F38}.Release|Any CPU.ActiveCfg = Release|Any CPU
		{03E168F9-9D24-45E6-A564-B148F08A3F38}.Release|Any CPU.Build.0 = Release|Any CPU
	EndGlobalSection
EndGlobal
